
Microsoft Visual Studio Solution File, Format Version 12.00
# Visual Studio Version 16
VisualStudioVersion = 16.0.31129.286
MinimumVisualStudioVersion = 10.0.40219.1
Project("{9A19103F-16F7-4668-BE54-9A1E7A4F7556}") = "Formatieve 1", "AR_Opdracten_Collectie\Formatieve 1.csproj", "{6486DC10-96A5-4532-8031-7596ECA8977B}"
EndProject
Project("{9A19103F-16F7-4668-BE54-9A1E7A4F7556}") = "Summatieve 1", "Summatieve 1\Summatieve 1.csproj", "{D36F8D36-1358-4BC0-865C-E7090AAE1760}"
EndProject
Project("{9A19103F-16F7-4668-BE54-9A1E7A4F7556}") = "Summatieve 2", "Summatieve 2\Summatieve 2.csproj", "{6389EBBD-D362-47A2-A9A5-29DA0A35C4B0}"
EndProject
Project("{9A19103F-16F7-4668-BE54-9A1E7A4F7556}") = "Formatieve 2", "Formatieve 2\Formatieve 2.csproj", "{0ECE75B8-45B9-469B-BA78-DC6B13D37744}"
EndProject
Project("{9A19103F-16F7-4668-BE54-9A1E7A4F7556}") = "Summatieve2tests", "Summatieve2tests\Summatieve2tests.csproj", "{CE6ECDC3-EE55-4A97-8B64-6ADD9A444EE9}"
EndProject
Project("{FAE04EC0-301F-11D3-BF4B-00C04F79EFBC}") = "Formatieve 3", "Formatieve 3\Formatieve 3.csproj", "{D112C7E4-95CB-424A-8D26-295AD700D75E}"
EndProject
Project("{FAE04EC0-301F-11D3-BF4B-00C04F79EFBC}") = "Formatieve3Test", "Formatieve3Test\Formatieve3Test.csproj", "{9FE01B8F-C3A6-4AB1-A57F-2AD95ECDDAEE}"
EndProject
Global
	GlobalSection(SolutionConfigurationPlatforms) = preSolution
		Debug|Any CPU = Debug|Any CPU
		Release|Any CPU = Release|Any CPU
	EndGlobalSection
	GlobalSection(ProjectConfigurationPlatforms) = postSolution
		{6486DC10-96A5-4532-8031-7596ECA8977B}.Debug|Any CPU.ActiveCfg = Debug|Any CPU
		{6486DC10-96A5-4532-8031-7596ECA8977B}.Debug|Any CPU.Build.0 = Debug|Any CPU
		{6486DC10-96A5-4532-8031-7596ECA8977B}.Release|Any CPU.ActiveCfg = Release|Any CPU
		{6486DC10-96A5-4532-8031-7596ECA8977B}.Release|Any CPU.Build.0 = Release|Any CPU
		{D36F8D36-1358-4BC0-865C-E7090AAE1760}.Debug|Any CPU.ActiveCfg = Debug|Any CPU
		{D36F8D36-1358-4BC0-865C-E7090AAE1760}.Debug|Any CPU.Build.0 = Debug|Any CPU
		{D36F8D36-1358-4BC0-865C-E7090AAE1760}.Release|Any CPU.ActiveCfg = Release|Any CPU
		{D36F8D36-1358-4BC0-865C-E7090AAE1760}.Release|Any CPU.Build.0 = Release|Any CPU
		{6389EBBD-D362-47A2-A9A5-29DA0A35C4B0}.Debug|Any CPU.ActiveCfg = Debug|Any CPU
		{6389EBBD-D362-47A2-A9A5-29DA0A35C4B0}.Debug|Any CPU.Build.0 = Debug|Any CPU
		{6389EBBD-D362-47A2-A9A5-29DA0A35C4B0}.Release|Any CPU.ActiveCfg = Release|Any CPU
		{6389EBBD-D362-47A2-A9A5-29DA0A35C4B0}.Release|Any CPU.Build.0 = Release|Any CPU
		{0ECE75B8-45B9-469B-BA78-DC6B13D37744}.Debug|Any CPU.ActiveCfg = Debug|Any CPU
		{0ECE75B8-45B9-469B-BA78-DC6B13D37744}.Debug|Any CPU.Build.0 = Debug|Any CPU
		{0ECE75B8-45B9-469B-BA78-DC6B13D37744}.Release|Any CPU.ActiveCfg = Release|Any CPU
		{0ECE75B8-45B9-469B-BA78-DC6B13D37744}.Release|Any CPU.Build.0 = Release|Any CPU
		{CE6ECDC3-EE55-4A97-8B64-6ADD9A444EE9}.Debug|Any CPU.ActiveCfg = Debug|Any CPU
		{CE6ECDC3-EE55-4A97-8B64-6ADD9A444EE9}.Debug|Any CPU.Build.0 = Debug|Any CPU
		{CE6ECDC3-EE55-4A97-8B64-6ADD9A444EE9}.Release|Any CPU.ActiveCfg = Release|Any CPU
		{CE6ECDC3-EE55-4A97-8B64-6ADD9A444EE9}.Release|Any CPU.Build.0 = Release|Any CPU
		{D112C7E4-95CB-424A-8D26-295AD700D75E}.Debug|Any CPU.ActiveCfg = Debug|Any CPU
		{D112C7E4-95CB-424A-8D26-295AD700D75E}.Debug|Any CPU.Build.0 = Debug|Any CPU
		{D112C7E4-95CB-424A-8D26-295AD700D75E}.Release|Any CPU.ActiveCfg = Release|Any CPU
		{D112C7E4-95CB-424A-8D26-295AD700D75E}.Release|Any CPU.Build.0 = Release|Any CPU
		{9FE01B8F-C3A6-4AB1-A57F-2AD95ECDDAEE}.Debug|Any CPU.ActiveCfg = Debug|Any CPU
		{9FE01B8F-C3A6-4AB1-A57F-2AD95ECDDAEE}.Debug|Any CPU.Build.0 = Debug|Any CPU
		{9FE01B8F-C3A6-4AB1-A57F-2AD95ECDDAEE}.Release|Any CPU.ActiveCfg = Release|Any CPU
		{9FE01B8F-C3A6-4AB1-A57F-2AD95ECDDAEE}.Release|Any CPU.Build.0 = Release|Any CPU
	EndGlobalSection
	GlobalSection(SolutionProperties) = preSolution
		HideSolutionNode = FALSE
	EndGlobalSection
	GlobalSection(ExtensibilityGlobals) = postSolution
		SolutionGuid = {F670E117-CCBB-4989-8235-2860271CDB65}
	EndGlobalSection
EndGlobal
