
Microsoft Visual Studio Solution File, Format Version 12.00
# Visual Studio Version 16
VisualStudioVersion = 16.0.31129.286
MinimumVisualStudioVersion = 10.0.40219.1
Project("{9A19103F-16F7-4668-BE54-9A1E7A4F7556}") = "Summatieve 2", "Summatieve\Summatieve 2\Summatieve 2.csproj", "{20741767-E858-42FC-859E-9A951F0CCCE2}"
EndProject
Project("{9A19103F-16F7-4668-BE54-9A1E7A4F7556}") = "Summatieve2tests", "Summatieve\Summatieve2tests\Summatieve2tests.csproj", "{82A3EAC7-B29C-4D77-87EC-28CED48FC653}"
EndProject
Project("{9A19103F-16F7-4668-BE54-9A1E7A4F7556}") = "Summatieve3", "Summatieve\Summatieve3\Summatieve3.csproj", "{322A1813-6FFD-457F-9414-FE8C21818A91}"
EndProject
Project("{9A19103F-16F7-4668-BE54-9A1E7A4F7556}") = "Summatieve3Tests", "Summatieve\Summatieve3Tests\Summatieve3Tests.csproj", "{3FE3D1BE-A209-4914-82A9-ADD4CF208C1B}"
EndProject
Project("{2150E333-8FDC-42A3-9474-1A3956D46DE8}") = "Summatieve", "Summatieve", "{9C5111AB-B296-4B20-B6E9-F5B292FF7490}"
EndProject
Project("{9A19103F-16F7-4668-BE54-9A1E7A4F7556}") = "Summatieve 1", "Summatieve\Summatieve 1\Summatieve 1.csproj", "{0E8B6697-5E51-4177-983E-B4AD247507F6}"
EndProject
Project("{2150E333-8FDC-42A3-9474-1A3956D46DE8}") = "Formatieve", "Formatieve", "{481D5B71-AC7B-4327-B4F2-0DC63233BC7B}"
EndProject
Project("{9A19103F-16F7-4668-BE54-9A1E7A4F7556}") = "Formatieve 2", "Formatieve\Formatieve 2\Formatieve 2.csproj", "{3EDEA9C1-56D2-4356-9C58-D0F32526D5F9}"
EndProject
Project("{9A19103F-16F7-4668-BE54-9A1E7A4F7556}") = "Formatieve3Test", "Formatieve\Formatieve3Test\Formatieve3Test.csproj", "{9C975F56-A487-4AB5-B177-5B808C752883}"
EndProject
Project("{9A19103F-16F7-4668-BE54-9A1E7A4F7556}") = "Formatieve 1", "Formatieve\Formatieve 1\Formatieve 1.csproj", "{C43C0D8E-7759-4E30-A857-86E0517737E5}"
EndProject
Project("{9A19103F-16F7-4668-BE54-9A1E7A4F7556}") = "Formatieve 3", "Formatieve\Formatieve 3\Formatieve 3.csproj", "{0AA31896-6B44-4872-A706-A75314390571}"
EndProject
Global
	GlobalSection(SolutionConfigurationPlatforms) = preSolution
		Debug|Any CPU = Debug|Any CPU
		Release|Any CPU = Release|Any CPU
	EndGlobalSection
	GlobalSection(ProjectConfigurationPlatforms) = postSolution
		{20741767-E858-42FC-859E-9A951F0CCCE2}.Debug|Any CPU.ActiveCfg = Debug|Any CPU
		{20741767-E858-42FC-859E-9A951F0CCCE2}.Debug|Any CPU.Build.0 = Debug|Any CPU
		{20741767-E858-42FC-859E-9A951F0CCCE2}.Release|Any CPU.ActiveCfg = Release|Any CPU
		{20741767-E858-42FC-859E-9A951F0CCCE2}.Release|Any CPU.Build.0 = Release|Any CPU
		{82A3EAC7-B29C-4D77-87EC-28CED48FC653}.Debug|Any CPU.ActiveCfg = Debug|Any CPU
		{82A3EAC7-B29C-4D77-87EC-28CED48FC653}.Debug|Any CPU.Build.0 = Debug|Any CPU
		{82A3EAC7-B29C-4D77-87EC-28CED48FC653}.Release|Any CPU.ActiveCfg = Release|Any CPU
		{82A3EAC7-B29C-4D77-87EC-28CED48FC653}.Release|Any CPU.Build.0 = Release|Any CPU
		{322A1813-6FFD-457F-9414-FE8C21818A91}.Debug|Any CPU.ActiveCfg = Debug|Any CPU
		{322A1813-6FFD-457F-9414-FE8C21818A91}.Debug|Any CPU.Build.0 = Debug|Any CPU
		{322A1813-6FFD-457F-9414-FE8C21818A91}.Release|Any CPU.ActiveCfg = Release|Any CPU
		{322A1813-6FFD-457F-9414-FE8C21818A91}.Release|Any CPU.Build.0 = Release|Any CPU
		{3FE3D1BE-A209-4914-82A9-ADD4CF208C1B}.Debug|Any CPU.ActiveCfg = Debug|Any CPU
		{3FE3D1BE-A209-4914-82A9-ADD4CF208C1B}.Debug|Any CPU.Build.0 = Debug|Any CPU
		{3FE3D1BE-A209-4914-82A9-ADD4CF208C1B}.Release|Any CPU.ActiveCfg = Release|Any CPU
		{3FE3D1BE-A209-4914-82A9-ADD4CF208C1B}.Release|Any CPU.Build.0 = Release|Any CPU
		{0E8B6697-5E51-4177-983E-B4AD247507F6}.Debug|Any CPU.ActiveCfg = Debug|Any CPU
		{0E8B6697-5E51-4177-983E-B4AD247507F6}.Debug|Any CPU.Build.0 = Debug|Any CPU
		{0E8B6697-5E51-4177-983E-B4AD247507F6}.Release|Any CPU.ActiveCfg = Release|Any CPU
		{0E8B6697-5E51-4177-983E-B4AD247507F6}.Release|Any CPU.Build.0 = Release|Any CPU
		{3EDEA9C1-56D2-4356-9C58-D0F32526D5F9}.Debug|Any CPU.ActiveCfg = Debug|Any CPU
		{3EDEA9C1-56D2-4356-9C58-D0F32526D5F9}.Debug|Any CPU.Build.0 = Debug|Any CPU
		{3EDEA9C1-56D2-4356-9C58-D0F32526D5F9}.Release|Any CPU.ActiveCfg = Release|Any CPU
		{3EDEA9C1-56D2-4356-9C58-D0F32526D5F9}.Release|Any CPU.Build.0 = Release|Any CPU
		{9C975F56-A487-4AB5-B177-5B808C752883}.Debug|Any CPU.ActiveCfg = Debug|Any CPU
		{9C975F56-A487-4AB5-B177-5B808C752883}.Debug|Any CPU.Build.0 = Debug|Any CPU
		{9C975F56-A487-4AB5-B177-5B808C752883}.Release|Any CPU.ActiveCfg = Release|Any CPU
		{9C975F56-A487-4AB5-B177-5B808C752883}.Release|Any CPU.Build.0 = Release|Any CPU
		{C43C0D8E-7759-4E30-A857-86E0517737E5}.Debug|Any CPU.ActiveCfg = Debug|Any CPU
		{C43C0D8E-7759-4E30-A857-86E0517737E5}.Debug|Any CPU.Build.0 = Debug|Any CPU
		{C43C0D8E-7759-4E30-A857-86E0517737E5}.Release|Any CPU.ActiveCfg = Release|Any CPU
		{C43C0D8E-7759-4E30-A857-86E0517737E5}.Release|Any CPU.Build.0 = Release|Any CPU
		{0AA31896-6B44-4872-A706-A75314390571}.Debug|Any CPU.ActiveCfg = Debug|Any CPU
		{0AA31896-6B44-4872-A706-A75314390571}.Debug|Any CPU.Build.0 = Debug|Any CPU
		{0AA31896-6B44-4872-A706-A75314390571}.Release|Any CPU.ActiveCfg = Release|Any CPU
		{0AA31896-6B44-4872-A706-A75314390571}.Release|Any CPU.Build.0 = Release|Any CPU
	EndGlobalSection
	GlobalSection(SolutionProperties) = preSolution
		HideSolutionNode = FALSE
	EndGlobalSection
	GlobalSection(NestedProjects) = preSolution
		{20741767-E858-42FC-859E-9A951F0CCCE2} = {9C5111AB-B296-4B20-B6E9-F5B292FF7490}
		{82A3EAC7-B29C-4D77-87EC-28CED48FC653} = {9C5111AB-B296-4B20-B6E9-F5B292FF7490}
		{322A1813-6FFD-457F-9414-FE8C21818A91} = {9C5111AB-B296-4B20-B6E9-F5B292FF7490}
		{3FE3D1BE-A209-4914-82A9-ADD4CF208C1B} = {9C5111AB-B296-4B20-B6E9-F5B292FF7490}
		{0E8B6697-5E51-4177-983E-B4AD247507F6} = {9C5111AB-B296-4B20-B6E9-F5B292FF7490}
		{3EDEA9C1-56D2-4356-9C58-D0F32526D5F9} = {481D5B71-AC7B-4327-B4F2-0DC63233BC7B}
		{9C975F56-A487-4AB5-B177-5B808C752883} = {481D5B71-AC7B-4327-B4F2-0DC63233BC7B}
		{C43C0D8E-7759-4E30-A857-86E0517737E5} = {481D5B71-AC7B-4327-B4F2-0DC63233BC7B}
		{0AA31896-6B44-4872-A706-A75314390571} = {481D5B71-AC7B-4327-B4F2-0DC63233BC7B}
	EndGlobalSection
	GlobalSection(ExtensibilityGlobals) = postSolution
		SolutionGuid = {F670E117-CCBB-4989-8235-2860271CDB65}
	EndGlobalSection
EndGlobal
